
Microsoft Visual Studio Solution File, Format Version 12.00
# Visual Studio 14
VisualStudioVersion = 14.0.25420.1
MinimumVisualStudioVersion = 10.0.40219.1
Project("{2150E333-8FDC-42A3-9474-1A3956D46DE8}") = "STPGroup.Data", "STPGroup.Data", "{44C7CCC5-17C7-499E-832C-7C58A0995605}"
EndProject
Project("{2150E333-8FDC-42A3-9474-1A3956D46DE8}") = "STPGroup.Services", "STPGroup.Services", "{9D2FEE8D-5088-4271-BB88-9028ECBCCCB4}"
EndProject
Project("{2150E333-8FDC-42A3-9474-1A3956D46DE8}") = "STPGroup.Web", "STPGroup.Web", "{81391F81-08B2-4CF2-93D5-AE063DC1AC1F}"
EndProject
Project("{FAE04EC0-301F-11D3-BF4B-00C04F79EFBC}") = "STPGroup.Database", "Data\STPGroup.Database\STPGroup.Database.csproj", "{34E5DF99-7B43-4D99-AE8A-73B653933C52}"
EndProject
Project("{FAE04EC0-301F-11D3-BF4B-00C04F79EFBC}") = "STPGroup.Data", "Data\STPGroup.Data\STPGroup.Data.csproj", "{24150AD3-79D0-456E-9368-2E0BC26D37E0}"
EndProject
Project("{FAE04EC0-301F-11D3-BF4B-00C04F79EFBC}") = "STPGroup.Services.Infrastructure", "Services\STPGroup.Services.Infrastructure\STPGroup.Services.Infrastructure.csproj", "{DF29FFE8-5EBA-4122-BBB8-FAC4EB072A7B}"
EndProject
Project("{FAE04EC0-301F-11D3-BF4B-00C04F79EFBC}") = "STPGroup.ApiServices", "Services\STPGroup.ApiServices\STPGroup.ApiServices.csproj", "{264E0C96-D3A2-4DE0-A369-F07DD8E754C5}"
EndProject
Project("{FAE04EC0-301F-11D3-BF4B-00C04F79EFBC}") = "STPGroup.WebServices", "Data\STPGroup.WebServices\STPGroup.WebServices.csproj", "{D5731736-806A-4853-BB98-A376DB42FC86}"
EndProject
Project("{FAE04EC0-301F-11D3-BF4B-00C04F79EFBC}") = "STPGroup.MVC", "Web\STPGroup.MVC\STPGroup.MVC.csproj", "{5AFD6A6F-4C57-486B-86EF-FEBF8DB26362}"
EndProject
Project("{FAE04EC0-301F-11D3-BF4B-00C04F79EFBC}") = "STPGroup.WebAPI", "Web\STPGroup.WebAPI\STPGroup.WebAPI.csproj", "{390FB1DF-8CEC-4229-BCE7-CD4706734046}"
EndProject
Project("{FAE04EC0-301F-11D3-BF4B-00C04F79EFBC}") = "STPGroup.Services.ViewModels", "Services\STPGroup.Services.ViewModels\STPGroup.Services.ViewModels.csproj", "{00A74AC0-530D-4732-90FA-4F2D45FA80C1}"
EndProject
Project("{FAE04EC0-301F-11D3-BF4B-00C04F79EFBC}") = "STPGroup.MVCServices", "Services\STPGroup.MVCServices\STPGroup.MVCServices.csproj", "{1A4575EF-505A-4251-B221-3707ECE175AD}"
EndProject
Project("{2150E333-8FDC-42A3-9474-1A3956D46DE8}") = "STPGroup.Tests", "STPGroup.Tests", "{11B82C35-1A24-473F-B145-CC975792387E}"
EndProject
Project("{FAE04EC0-301F-11D3-BF4B-00C04F79EFBC}") = "STPGroup.Tests", "Tests\STPGroup.Tests\STPGroup.Tests.csproj", "{13F4421C-F9E6-4F86-87B8-4624CEA4D70E}"
EndProject
Global
	GlobalSection(SolutionConfigurationPlatforms) = preSolution
		Debug|Any CPU = Debug|Any CPU
		Release|Any CPU = Release|Any CPU
	EndGlobalSection
	GlobalSection(ProjectConfigurationPlatforms) = postSolution
		{34E5DF99-7B43-4D99-AE8A-73B653933C52}.Debug|Any CPU.ActiveCfg = Debug|Any CPU
		{34E5DF99-7B43-4D99-AE8A-73B653933C52}.Debug|Any CPU.Build.0 = Debug|Any CPU
		{34E5DF99-7B43-4D99-AE8A-73B653933C52}.Release|Any CPU.ActiveCfg = Release|Any CPU
		{34E5DF99-7B43-4D99-AE8A-73B653933C52}.Release|Any CPU.Build.0 = Release|Any CPU
		{24150AD3-79D0-456E-9368-2E0BC26D37E0}.Debug|Any CPU.ActiveCfg = Debug|Any CPU
		{24150AD3-79D0-456E-9368-2E0BC26D37E0}.Debug|Any CPU.Build.0 = Debug|Any CPU
		{24150AD3-79D0-456E-9368-2E0BC26D37E0}.Release|Any CPU.ActiveCfg = Release|Any CPU
		{24150AD3-79D0-456E-9368-2E0BC26D37E0}.Release|Any CPU.Build.0 = Release|Any CPU
		{DF29FFE8-5EBA-4122-BBB8-FAC4EB072A7B}.Debug|Any CPU.ActiveCfg = Debug|Any CPU
		{DF29FFE8-5EBA-4122-BBB8-FAC4EB072A7B}.Debug|Any CPU.Build.0 = Debug|Any CPU
		{DF29FFE8-5EBA-4122-BBB8-FAC4EB072A7B}.Release|Any CPU.ActiveCfg = Release|Any CPU
		{DF29FFE8-5EBA-4122-BBB8-FAC4EB072A7B}.Release|Any CPU.Build.0 = Release|Any CPU
		{264E0C96-D3A2-4DE0-A369-F07DD8E754C5}.Debug|Any CPU.ActiveCfg = Debug|Any CPU
		{264E0C96-D3A2-4DE0-A369-F07DD8E754C5}.Debug|Any CPU.Build.0 = Debug|Any CPU
		{264E0C96-D3A2-4DE0-A369-F07DD8E754C5}.Release|Any CPU.ActiveCfg = Release|Any CPU
		{264E0C96-D3A2-4DE0-A369-F07DD8E754C5}.Release|Any CPU.Build.0 = Release|Any CPU
		{D5731736-806A-4853-BB98-A376DB42FC86}.Debug|Any CPU.ActiveCfg = Debug|Any CPU
		{D5731736-806A-4853-BB98-A376DB42FC86}.Debug|Any CPU.Build.0 = Debug|Any CPU
		{D5731736-806A-4853-BB98-A376DB42FC86}.Release|Any CPU.ActiveCfg = Release|Any CPU
		{D5731736-806A-4853-BB98-A376DB42FC86}.Release|Any CPU.Build.0 = Release|Any CPU
		{5AFD6A6F-4C57-486B-86EF-FEBF8DB26362}.Debug|Any CPU.ActiveCfg = Debug|Any CPU
		{5AFD6A6F-4C57-486B-86EF-FEBF8DB26362}.Debug|Any CPU.Build.0 = Debug|Any CPU
		{5AFD6A6F-4C57-486B-86EF-FEBF8DB26362}.Release|Any CPU.ActiveCfg = Release|Any CPU
		{5AFD6A6F-4C57-486B-86EF-FEBF8DB26362}.Release|Any CPU.Build.0 = Release|Any CPU
		{390FB1DF-8CEC-4229-BCE7-CD4706734046}.Debug|Any CPU.ActiveCfg = Debug|Any CPU
		{390FB1DF-8CEC-4229-BCE7-CD4706734046}.Debug|Any CPU.Build.0 = Debug|Any CPU
		{390FB1DF-8CEC-4229-BCE7-CD4706734046}.Release|Any CPU.ActiveCfg = Release|Any CPU
		{390FB1DF-8CEC-4229-BCE7-CD4706734046}.Release|Any CPU.Build.0 = Release|Any CPU
		{00A74AC0-530D-4732-90FA-4F2D45FA80C1}.Debug|Any CPU.ActiveCfg = Debug|Any CPU
		{00A74AC0-530D-4732-90FA-4F2D45FA80C1}.Debug|Any CPU.Build.0 = Debug|Any CPU
		{00A74AC0-530D-4732-90FA-4F2D45FA80C1}.Release|Any CPU.ActiveCfg = Release|Any CPU
		{00A74AC0-530D-4732-90FA-4F2D45FA80C1}.Release|Any CPU.Build.0 = Release|Any CPU
		{1A4575EF-505A-4251-B221-3707ECE175AD}.Debug|Any CPU.ActiveCfg = Debug|Any CPU
		{1A4575EF-505A-4251-B221-3707ECE175AD}.Debug|Any CPU.Build.0 = Debug|Any CPU
		{1A4575EF-505A-4251-B221-3707ECE175AD}.Release|Any CPU.ActiveCfg = Release|Any CPU
		{1A4575EF-505A-4251-B221-3707ECE175AD}.Release|Any CPU.Build.0 = Release|Any CPU
		{13F4421C-F9E6-4F86-87B8-4624CEA4D70E}.Debug|Any CPU.ActiveCfg = Debug|Any CPU
		{13F4421C-F9E6-4F86-87B8-4624CEA4D70E}.Debug|Any CPU.Build.0 = Debug|Any CPU
		{13F4421C-F9E6-4F86-87B8-4624CEA4D70E}.Release|Any CPU.ActiveCfg = Release|Any CPU
		{13F4421C-F9E6-4F86-87B8-4624CEA4D70E}.Release|Any CPU.Build.0 = Release|Any CPU
	EndGlobalSection
	GlobalSection(SolutionProperties) = preSolution
		HideSolutionNode = FALSE
	EndGlobalSection
	GlobalSection(NestedProjects) = preSolution
		{34E5DF99-7B43-4D99-AE8A-73B653933C52} = {44C7CCC5-17C7-499E-832C-7C58A0995605}
		{24150AD3-79D0-456E-9368-2E0BC26D37E0} = {44C7CCC5-17C7-499E-832C-7C58A0995605}
		{DF29FFE8-5EBA-4122-BBB8-FAC4EB072A7B} = {9D2FEE8D-5088-4271-BB88-9028ECBCCCB4}
		{264E0C96-D3A2-4DE0-A369-F07DD8E754C5} = {9D2FEE8D-5088-4271-BB88-9028ECBCCCB4}
		{D5731736-806A-4853-BB98-A376DB42FC86} = {44C7CCC5-17C7-499E-832C-7C58A0995605}
		{5AFD6A6F-4C57-486B-86EF-FEBF8DB26362} = {81391F81-08B2-4CF2-93D5-AE063DC1AC1F}
		{390FB1DF-8CEC-4229-BCE7-CD4706734046} = {81391F81-08B2-4CF2-93D5-AE063DC1AC1F}
		{00A74AC0-530D-4732-90FA-4F2D45FA80C1} = {9D2FEE8D-5088-4271-BB88-9028ECBCCCB4}
		{1A4575EF-505A-4251-B221-3707ECE175AD} = {9D2FEE8D-5088-4271-BB88-9028ECBCCCB4}
		{13F4421C-F9E6-4F86-87B8-4624CEA4D70E} = {11B82C35-1A24-473F-B145-CC975792387E}
	EndGlobalSection
EndGlobal
